
Microsoft Visual Studio Solution File, Format Version 12.00
# Visual Studio Version 16
VisualStudioVersion = 16.0.31624.102
MinimumVisualStudioVersion = 10.0.40219.1
Project("{FAE04EC0-301F-11D3-BF4B-00C04F79EFBC}") = "ManageYourFiles", "ManageYourFiles\ManageYourFiles.csproj", "{A9E10E6A-CE05-44F3-8EA1-5D8575990EE3}"
EndProject
Global
	GlobalSection(SolutionConfigurationPlatforms) = preSolution
		Debug|Any CPU = Debug|Any CPU
		Release|Any CPU = Release|Any CPU
	EndGlobalSection
	GlobalSection(ProjectConfigurationPlatforms) = postSolution
		{A9E10E6A-CE05-44F3-8EA1-5D8575990EE3}.Debug|Any CPU.ActiveCfg = Debug|Any CPU
		{A9E10E6A-CE05-44F3-8EA1-5D8575990EE3}.Debug|Any CPU.Build.0 = Debug|Any CPU
		{A9E10E6A-CE05-44F3-8EA1-5D8575990EE3}.Release|Any CPU.ActiveCfg = Release|Any CPU
		{A9E10E6A-CE05-44F3-8EA1-5D8575990EE3}.Release|Any CPU.Build.0 = Release|Any CPU
	EndGlobalSection
	GlobalSection(SolutionProperties) = preSolution
		HideSolutionNode = FALSE
	EndGlobalSection
	GlobalSection(ExtensibilityGlobals) = postSolution
		SolutionGuid = {1AD5FCDF-676B-43F1-8826-F23D2C42BD06}
	EndGlobalSection
EndGlobal
